
Microsoft Visual Studio Solution File, Format Version 12.00
# Visual Studio Version 17
VisualStudioVersion = 17.9.34714.143
MinimumVisualStudioVersion = 10.0.40219.1
Project("{FAE04EC0-301F-11D3-BF4B-00C04F79EFBC}") = "ModificadorDeParametros", "ModificadorDeParametrosParams\ModificadorDeParametros.csproj", "{4D09C092-DE91-45EC-8A26-30159B27C9E8}"
EndProject
Global
	GlobalSection(SolutionConfigurationPlatforms) = preSolution
		Debug|Any CPU = Debug|Any CPU
		Release|Any CPU = Release|Any CPU
	EndGlobalSection
	GlobalSection(ProjectConfigurationPlatforms) = postSolution
		{4D09C092-DE91-45EC-8A26-30159B27C9E8}.Debug|Any CPU.ActiveCfg = Debug|Any CPU
		{4D09C092-DE91-45EC-8A26-30159B27C9E8}.Debug|Any CPU.Build.0 = Debug|Any CPU
		{4D09C092-DE91-45EC-8A26-30159B27C9E8}.Release|Any CPU.ActiveCfg = Release|Any CPU
		{4D09C092-DE91-45EC-8A26-30159B27C9E8}.Release|Any CPU.Build.0 = Release|Any CPU
	EndGlobalSection
	GlobalSection(SolutionProperties) = preSolution
		HideSolutionNode = FALSE
	EndGlobalSection
	GlobalSection(ExtensibilityGlobals) = postSolution
		SolutionGuid = {D889EDFB-E28A-4068-B73B-39BED898CBB1}
	EndGlobalSection
EndGlobal
