
Microsoft Visual Studio Solution File, Format Version 12.00
# Visual Studio Version 17
VisualStudioVersion = 17.5.33530.505
MinimumVisualStudioVersion = 10.0.40219.1
Project("{FAE04EC0-301F-11D3-BF4B-00C04F79EFBC}") = "ProblemaSemOrientacaoObjetos", "ProblemaSemOrientacaoObjetos\ProblemaSemOrientacaoObjetos.csproj", "{81233986-5BA8-4BC3-ADA2-6C5F41BDD106}"
EndProject
Global
	GlobalSection(SolutionConfigurationPlatforms) = preSolution
		Debug|Any CPU = Debug|Any CPU
		Release|Any CPU = Release|Any CPU
	EndGlobalSection
	GlobalSection(ProjectConfigurationPlatforms) = postSolution
		{81233986-5BA8-4BC3-ADA2-6C5F41BDD106}.Debug|Any CPU.ActiveCfg = Debug|Any CPU
		{81233986-5BA8-4BC3-ADA2-6C5F41BDD106}.Debug|Any CPU.Build.0 = Debug|Any CPU
		{81233986-5BA8-4BC3-ADA2-6C5F41BDD106}.Release|Any CPU.ActiveCfg = Release|Any CPU
		{81233986-5BA8-4BC3-ADA2-6C5F41BDD106}.Release|Any CPU.Build.0 = Release|Any CPU
	EndGlobalSection
	GlobalSection(SolutionProperties) = preSolution
		HideSolutionNode = FALSE
	EndGlobalSection
	GlobalSection(ExtensibilityGlobals) = postSolution
		SolutionGuid = {A21B5F5D-B8C3-46BD-AD3C-3391299EAC5D}
	EndGlobalSection
EndGlobal
