
Microsoft Visual Studio Solution File, Format Version 12.00
# Visual Studio Version 17
VisualStudioVersion = 17.5.33530.505
MinimumVisualStudioVersion = 10.0.40219.1
Project("{FAE04EC0-301F-11D3-BF4B-00C04F79EFBC}") = "Exercicio3Aluno", "Exercicio3Aluno\Exercicio3Aluno.csproj", "{88F62847-AFF9-4A0F-90ED-D196EFF08D2A}"
EndProject
Global
	GlobalSection(SolutionConfigurationPlatforms) = preSolution
		Debug|Any CPU = Debug|Any CPU
		Release|Any CPU = Release|Any CPU
	EndGlobalSection
	GlobalSection(ProjectConfigurationPlatforms) = postSolution
		{88F62847-AFF9-4A0F-90ED-D196EFF08D2A}.Debug|Any CPU.ActiveCfg = Debug|Any CPU
		{88F62847-AFF9-4A0F-90ED-D196EFF08D2A}.Debug|Any CPU.Build.0 = Debug|Any CPU
		{88F62847-AFF9-4A0F-90ED-D196EFF08D2A}.Release|Any CPU.ActiveCfg = Release|Any CPU
		{88F62847-AFF9-4A0F-90ED-D196EFF08D2A}.Release|Any CPU.Build.0 = Release|Any CPU
	EndGlobalSection
	GlobalSection(SolutionProperties) = preSolution
		HideSolutionNode = FALSE
	EndGlobalSection
	GlobalSection(ExtensibilityGlobals) = postSolution
		SolutionGuid = {C29A5104-D7D6-483D-950F-DAC0FBAA292B}
	EndGlobalSection
EndGlobal
