
Microsoft Visual Studio Solution File, Format Version 12.00
# Visual Studio Version 17
VisualStudioVersion = 17.5.33530.505
MinimumVisualStudioVersion = 10.0.40219.1
Project("{FAE04EC0-301F-11D3-BF4B-00C04F79EFBC}") = "Exercicio2DadosFuncionario", "Exercicio2DadosFuncionario\Exercicio2DadosFuncionario.csproj", "{9E84C55A-9F31-4DFA-9A7B-576C1F5AEC12}"
EndProject
Global
	GlobalSection(SolutionConfigurationPlatforms) = preSolution
		Debug|Any CPU = Debug|Any CPU
		Release|Any CPU = Release|Any CPU
	EndGlobalSection
	GlobalSection(ProjectConfigurationPlatforms) = postSolution
		{9E84C55A-9F31-4DFA-9A7B-576C1F5AEC12}.Debug|Any CPU.ActiveCfg = Debug|Any CPU
		{9E84C55A-9F31-4DFA-9A7B-576C1F5AEC12}.Debug|Any CPU.Build.0 = Debug|Any CPU
		{9E84C55A-9F31-4DFA-9A7B-576C1F5AEC12}.Release|Any CPU.ActiveCfg = Release|Any CPU
		{9E84C55A-9F31-4DFA-9A7B-576C1F5AEC12}.Release|Any CPU.Build.0 = Release|Any CPU
	EndGlobalSection
	GlobalSection(SolutionProperties) = preSolution
		HideSolutionNode = FALSE
	EndGlobalSection
	GlobalSection(ExtensibilityGlobals) = postSolution
		SolutionGuid = {E48D8203-7635-4BC8-A0CC-1772E4B0D8E9}
	EndGlobalSection
EndGlobal
